// !$*UTF8*$!
{
	archiveVersion = 1;
	classes = {
	};
	objectVersion = 56;
	objects = {

/* Begin PBXBuildFile section */
		CE00207C2B947B0A00F3E3D3 /* DoorOpenerApp.swift in Sources */ = {isa = PBXBuildFile; fileRef = CE00207B2B947B0A00F3E3D3 /* DoorOpenerApp.swift */; };
		CE0020802B947B0C00F3E3D3 /* Assets.xcassets in Resources */ = {isa = PBXBuildFile; fileRef = CE00207F2B947B0C00F3E3D3 /* Assets.xcassets */; };
		CE00208A2B947C7D00F3E3D3 /* SwiftUIView.swift in Sources */ = {isa = PBXBuildFile; fileRef = CE0020892B947C7D00F3E3D3 /* SwiftUIView.swift */; };
		CE08AFBE2B987F1200931E7E /* Assets.xcassets in Resources */ = {isa = PBXBuildFile; fileRef = CE00207F2B947B0C00F3E3D3 /* Assets.xcassets */; };
		CE08AFC02B987F1A00931E7E /* Preview Content in Resources */ = {isa = PBXBuildFile; fileRef = CE345EBC2B95AB4100CE0F5C /* Preview Content */; };
		CE08AFC12B987F1F00931E7E /* Assets.xcassets in Resources */ = {isa = PBXBuildFile; fileRef = CECF22692B985BFE00F7A0C9 /* Assets.xcassets */; };
		CE345EBD2B95AB4100CE0F5C /* Preview Content in Resources */ = {isa = PBXBuildFile; fileRef = CE345EBC2B95AB4100CE0F5C /* Preview Content */; };
		CE9B2D842B993B1800A7C745 /* DoorOpener.app in Embed Watch Content */ = {isa = PBXBuildFile; fileRef = CE9B2D832B993AFC00A7C745 /* DoorOpener.app */; settings = {ATTRIBUTES = (RemoveHeadersOnCopy, ); }; };
		CEB0E6422B98F37D00C3B991 /* LoginView.swift in Sources */ = {isa = PBXBuildFile; fileRef = CEB0E6412B98F37D00C3B991 /* LoginView.swift */; };
		CEB0E6442B98F40B00C3B991 /* MainView.swift in Sources */ = {isa = PBXBuildFile; fileRef = CEB0E6432B98F40B00C3B991 /* MainView.swift */; };
		CEB0E6462B98F43D00C3B991 /* SettingsView.swift in Sources */ = {isa = PBXBuildFile; fileRef = CEB0E6452B98F43D00C3B991 /* SettingsView.swift */; };
		CEB0E6482B98F48A00C3B991 /* OpenView.swift in Sources */ = {isa = PBXBuildFile; fileRef = CEB0E6472B98F48A00C3B991 /* OpenView.swift */; };
		CEB0E64E2B98F7B400C3B991 /* DoorOpenerClass.swift in Sources */ = {isa = PBXBuildFile; fileRef = CEB0E64D2B98F7B400C3B991 /* DoorOpenerClass.swift */; };
		CEB0E6512B99023C00C3B991 /* SwiftSoup in Frameworks */ = {isa = PBXBuildFile; productRef = CEB0E6502B99023C00C3B991 /* SwiftSoup */; };
		CEB0E6542B99024800C3B991 /* SwiftSoup in Frameworks */ = {isa = PBXBuildFile; productRef = CEB0E6532B99024800C3B991 /* SwiftSoup */; };
		CEB0E6562B99027C00C3B991 /* AppleWatchConnect.swift in Sources */ = {isa = PBXBuildFile; fileRef = CEB0E6552B99027C00C3B991 /* AppleWatchConnect.swift */; };
		CEB0E6582B99113A00C3B991 /* iPhoneConnect.swift in Sources */ = {isa = PBXBuildFile; fileRef = CEB0E6572B99113A00C3B991 /* iPhoneConnect.swift */; };
		CEB0E6602B992DD000C3B991 /* DoorOpenerWatchClass.swift in Sources */ = {isa = PBXBuildFile; fileRef = CEB0E65F2B992DD000C3B991 /* DoorOpenerWatchClass.swift */; };
		CEC1AB0B2B9850940056CE97 /* Launch Screen.storyboard in Resources */ = {isa = PBXBuildFile; fileRef = CEC1AB0A2B9850940056CE97 /* Launch Screen.storyboard */; };
		CECF22662B985BFC00F7A0C9 /* DoorOpenerWatchApp.swift in Sources */ = {isa = PBXBuildFile; fileRef = CECF22652B985BFC00F7A0C9 /* DoorOpenerWatchApp.swift */; };
		CECF22682B985BFC00F7A0C9 /* ContentView.swift in Sources */ = {isa = PBXBuildFile; fileRef = CECF22672B985BFC00F7A0C9 /* ContentView.swift */; };
		CECF226A2B985BFE00F7A0C9 /* Assets.xcassets in Resources */ = {isa = PBXBuildFile; fileRef = CECF22692B985BFE00F7A0C9 /* Assets.xcassets */; };
		CECF226D2B985BFE00F7A0C9 /* Preview Assets.xcassets in Resources */ = {isa = PBXBuildFile; fileRef = CECF226C2B985BFE00F7A0C9 /* Preview Assets.xcassets */; };
/* End PBXBuildFile section */

/* Begin PBXContainerItemProxy section */
		CE9B2D862B993B1900A7C745 /* PBXContainerItemProxy */ = {
			isa = PBXContainerItemProxy;
			containerPortal = CE0020702B947B0A00F3E3D3 /* Project object */;
			proxyType = 1;
			remoteGlobalIDString = CECF22622B985BFC00F7A0C9;
			remoteInfo = "DoorOpenerWatch Watch App";
		};
/* End PBXContainerItemProxy section */

/* Begin PBXCopyFilesBuildPhase section */
		CECF22742B985BFE00F7A0C9 /* Embed Watch Content */ = {
			isa = PBXCopyFilesBuildPhase;
			buildActionMask = 2147483647;
			dstPath = "$(CONTENTS_FOLDER_PATH)/Watch";
			dstSubfolderSpec = 16;
			files = (
				CE9B2D842B993B1800A7C745 /* DoorOpener.app in Embed Watch Content */,
			);
			name = "Embed Watch Content";
			runOnlyForDeploymentPostprocessing = 0;
		};
/* End PBXCopyFilesBuildPhase section */

/* Begin PBXFileReference section */
		CE00207B2B947B0A00F3E3D3 /* DoorOpenerApp.swift */ = {isa = PBXFileReference; lastKnownFileType = sourcecode.swift; path = DoorOpenerApp.swift; sourceTree = "<group>"; };
		CE00207F2B947B0C00F3E3D3 /* Assets.xcassets */ = {isa = PBXFileReference; lastKnownFileType = folder.assetcatalog; path = Assets.xcassets; sourceTree = "<group>"; };
		CE0020892B947C7D00F3E3D3 /* SwiftUIView.swift */ = {isa = PBXFileReference; lastKnownFileType = sourcecode.swift; path = SwiftUIView.swift; sourceTree = "<group>"; };
		CE345EBC2B95AB4100CE0F5C /* Preview Content */ = {isa = PBXFileReference; lastKnownFileType = folder; path = "Preview Content"; sourceTree = "<group>"; };
		CE9B2D832B993AFC00A7C745 /* DoorOpener.app */ = {isa = PBXFileReference; explicitFileType = wrapper.application; includeInIndex = 0; path = DoorOpener.app; sourceTree = BUILT_PRODUCTS_DIR; };
		CE9B2D852B993B1900A7C745 /* DoorOpener.app */ = {isa = PBXFileReference; explicitFileType = wrapper.application; includeInIndex = 0; path = DoorOpener.app; sourceTree = BUILT_PRODUCTS_DIR; };
		CE9B2D882B99CD0B00A7C745 /* DoorOpener.entitlements */ = {isa = PBXFileReference; lastKnownFileType = text.plist.entitlements; path = DoorOpener.entitlements; sourceTree = "<group>"; };
		CEB0E6412B98F37D00C3B991 /* LoginView.swift */ = {isa = PBXFileReference; lastKnownFileType = sourcecode.swift; path = LoginView.swift; sourceTree = "<group>"; };
		CEB0E6432B98F40B00C3B991 /* MainView.swift */ = {isa = PBXFileReference; lastKnownFileType = sourcecode.swift; path = MainView.swift; sourceTree = "<group>"; };
		CEB0E6452B98F43D00C3B991 /* SettingsView.swift */ = {isa = PBXFileReference; lastKnownFileType = sourcecode.swift; path = SettingsView.swift; sourceTree = "<group>"; };
		CEB0E6472B98F48A00C3B991 /* OpenView.swift */ = {isa = PBXFileReference; lastKnownFileType = sourcecode.swift; path = OpenView.swift; sourceTree = "<group>"; };
		CEB0E64D2B98F7B400C3B991 /* DoorOpenerClass.swift */ = {isa = PBXFileReference; lastKnownFileType = sourcecode.swift; path = DoorOpenerClass.swift; sourceTree = "<group>"; };
		CEB0E6552B99027C00C3B991 /* AppleWatchConnect.swift */ = {isa = PBXFileReference; lastKnownFileType = sourcecode.swift; path = AppleWatchConnect.swift; sourceTree = "<group>"; };
		CEB0E6572B99113A00C3B991 /* iPhoneConnect.swift */ = {isa = PBXFileReference; lastKnownFileType = sourcecode.swift; path = iPhoneConnect.swift; sourceTree = "<group>"; };
		CEB0E65F2B992DD000C3B991 /* DoorOpenerWatchClass.swift */ = {isa = PBXFileReference; lastKnownFileType = sourcecode.swift; path = DoorOpenerWatchClass.swift; sourceTree = "<group>"; };
		CEC1AB0A2B9850940056CE97 /* Launch Screen.storyboard */ = {isa = PBXFileReference; lastKnownFileType = file.storyboard; path = "Launch Screen.storyboard"; sourceTree = "<group>"; };
		CECF22652B985BFC00F7A0C9 /* DoorOpenerWatchApp.swift */ = {isa = PBXFileReference; lastKnownFileType = sourcecode.swift; path = DoorOpenerWatchApp.swift; sourceTree = "<group>"; };
		CECF22672B985BFC00F7A0C9 /* ContentView.swift */ = {isa = PBXFileReference; lastKnownFileType = sourcecode.swift; path = ContentView.swift; sourceTree = "<group>"; };
		CECF22692B985BFE00F7A0C9 /* Assets.xcassets */ = {isa = PBXFileReference; lastKnownFileType = folder.assetcatalog; path = Assets.xcassets; sourceTree = "<group>"; };
		CECF226C2B985BFE00F7A0C9 /* Preview Assets.xcassets */ = {isa = PBXFileReference; lastKnownFileType = folder.assetcatalog; path = "Preview Assets.xcassets"; sourceTree = "<group>"; };
/* End PBXFileReference section */

/* Begin PBXFrameworksBuildPhase section */
		CE0020752B947B0A00F3E3D3 /* Frameworks */ = {
			isa = PBXFrameworksBuildPhase;
			buildActionMask = 2147483647;
			files = (
				CEB0E6512B99023C00C3B991 /* SwiftSoup in Frameworks */,
			);
			runOnlyForDeploymentPostprocessing = 0;
		};
		CECF22602B985BFC00F7A0C9 /* Frameworks */ = {
			isa = PBXFrameworksBuildPhase;
			buildActionMask = 2147483647;
			files = (
				CEB0E6542B99024800C3B991 /* SwiftSoup in Frameworks */,
			);
			runOnlyForDeploymentPostprocessing = 0;
		};
/* End PBXFrameworksBuildPhase section */

/* Begin PBXGroup section */
		CE00206F2B947B0A00F3E3D3 = {
			isa = PBXGroup;
			children = (
				CE9B2D882B99CD0B00A7C745 /* DoorOpener.entitlements */,
				CE00207A2B947B0A00F3E3D3 /* DoorOpener_iOS */,
				CECF22642B985BFC00F7A0C9 /* DoorOpenerWatch Watch App */,
				CEB0E6522B99024800C3B991 /* Frameworks */,
				CE9B2D832B993AFC00A7C745 /* DoorOpener.app */,
				CE9B2D852B993B1900A7C745 /* DoorOpener.app */,
			);
			sourceTree = "<group>";
		};
		CE00207A2B947B0A00F3E3D3 /* DoorOpener_iOS */ = {
			isa = PBXGroup;
			children = (
				CE00207B2B947B0A00F3E3D3 /* DoorOpenerApp.swift */,
				CEB0E64D2B98F7B400C3B991 /* DoorOpenerClass.swift */,
				CE0020892B947C7D00F3E3D3 /* SwiftUIView.swift */,
				CEB0E6412B98F37D00C3B991 /* LoginView.swift */,
				CEB0E6432B98F40B00C3B991 /* MainView.swift */,
				CEB0E6472B98F48A00C3B991 /* OpenView.swift */,
				CEB0E6452B98F43D00C3B991 /* SettingsView.swift */,
				CEB0E6552B99027C00C3B991 /* AppleWatchConnect.swift */,
				CE00207F2B947B0C00F3E3D3 /* Assets.xcassets */,
				CEC1AB0A2B9850940056CE97 /* Launch Screen.storyboard */,
				CE345EBC2B95AB4100CE0F5C /* Preview Content */,
			);
			path = DoorOpener_iOS;
			sourceTree = "<group>";
		};
		CEB0E6522B99024800C3B991 /* Frameworks */ = {
			isa = PBXGroup;
			children = (
			);
			name = Frameworks;
			sourceTree = "<group>";
		};
		CECF22642B985BFC00F7A0C9 /* DoorOpenerWatch Watch App */ = {
			isa = PBXGroup;
			children = (
				CECF22652B985BFC00F7A0C9 /* DoorOpenerWatchApp.swift */,
				CECF22672B985BFC00F7A0C9 /* ContentView.swift */,
				CEB0E6572B99113A00C3B991 /* iPhoneConnect.swift */,
				CEB0E65F2B992DD000C3B991 /* DoorOpenerWatchClass.swift */,
				CECF22692B985BFE00F7A0C9 /* Assets.xcassets */,
				CECF226B2B985BFE00F7A0C9 /* Preview Content */,
			);
			path = "DoorOpenerWatch Watch App";
			sourceTree = "<group>";
		};
		CECF226B2B985BFE00F7A0C9 /* Preview Content */ = {
			isa = PBXGroup;
			children = (
				CECF226C2B985BFE00F7A0C9 /* Preview Assets.xcassets */,
			);
			path = "Preview Content";
			sourceTree = "<group>";
		};
/* End PBXGroup section */

/* Begin PBXNativeTarget section */
		CE0020772B947B0A00F3E3D3 /* DoorOpener */ = {
			isa = PBXNativeTarget;
			buildConfigurationList = CE0020862B947B0C00F3E3D3 /* Build configuration list for PBXNativeTarget "DoorOpener" */;
			buildPhases = (
				CE0020742B947B0A00F3E3D3 /* Sources */,
				CE0020752B947B0A00F3E3D3 /* Frameworks */,
				CE0020762B947B0A00F3E3D3 /* Resources */,
				CECF22742B985BFE00F7A0C9 /* Embed Watch Content */,
			);
			buildRules = (
			);
			dependencies = (
				CE9B2D872B993B1900A7C745 /* PBXTargetDependency */,
			);
			name = DoorOpener;
			packageProductDependencies = (
				CEB0E6502B99023C00C3B991 /* SwiftSoup */,
			);
			productName = DoorOpener;
			productReference = CE9B2D852B993B1900A7C745 /* DoorOpener.app */;
			productType = "com.apple.product-type.application";
		};
		CECF22622B985BFC00F7A0C9 /* DoorOpenerWatch Watch App */ = {
			isa = PBXNativeTarget;
			buildConfigurationList = CECF22712B985BFE00F7A0C9 /* Build configuration list for PBXNativeTarget "DoorOpenerWatch Watch App" */;
			buildPhases = (
				CECF225F2B985BFC00F7A0C9 /* Sources */,
				CECF22602B985BFC00F7A0C9 /* Frameworks */,
				CECF22612B985BFC00F7A0C9 /* Resources */,
			);
			buildRules = (
			);
			dependencies = (
			);
			name = "DoorOpenerWatch Watch App";
			packageProductDependencies = (
				CEB0E6532B99024800C3B991 /* SwiftSoup */,
			);
			productName = "DoorOpenerWatch Watch App";
			productReference = CE9B2D832B993AFC00A7C745 /* DoorOpener.app */;
			productType = "com.apple.product-type.application";
		};
/* End PBXNativeTarget section */

/* Begin PBXProject section */
		CE0020702B947B0A00F3E3D3 /* Project object */ = {
			isa = PBXProject;
			attributes = {
				BuildIndependentTargetsInParallel = 1;
				LastSwiftUpdateCheck = 1520;
				LastUpgradeCheck = 1520;
				TargetAttributes = {
					CE0020772B947B0A00F3E3D3 = {
						CreatedOnToolsVersion = 15.2;
					};
					CECF22622B985BFC00F7A0C9 = {
						CreatedOnToolsVersion = 15.2;
					};
				};
			};
			buildConfigurationList = CE0020732B947B0A00F3E3D3 /* Build configuration list for PBXProject "DoorOpener_iOS" */;
			compatibilityVersion = "Xcode 14.0";
			developmentRegion = ko;
			hasScannedForEncodings = 0;
			knownRegions = (
				en,
				Base,
				ko,
			);
			mainGroup = CE00206F2B947B0A00F3E3D3;
			packageReferences = (
				CEB0E64F2B99023C00C3B991 /* XCRemoteSwiftPackageReference "SwiftSoup" */,
				CEAE00DA2B9B1A0600441F52 /* XCRemoteSwiftPackageReference "SwiftUI-Introspect" */,
			);
			productRefGroup = CE00206F2B947B0A00F3E3D3;
			projectDirPath = "";
			projectRoot = "";
			targets = (
				CE0020772B947B0A00F3E3D3 /* DoorOpener */,
				CECF22622B985BFC00F7A0C9 /* DoorOpenerWatch Watch App */,
			);
		};
/* End PBXProject section */

/* Begin PBXResourcesBuildPhase section */
		CE0020762B947B0A00F3E3D3 /* Resources */ = {
			isa = PBXResourcesBuildPhase;
			buildActionMask = 2147483647;
			files = (
				CEC1AB0B2B9850940056CE97 /* Launch Screen.storyboard in Resources */,
				CE345EBD2B95AB4100CE0F5C /* Preview Content in Resources */,
				CE08AFC12B987F1F00931E7E /* Assets.xcassets in Resources */,
				CE0020802B947B0C00F3E3D3 /* Assets.xcassets in Resources */,
			);
			runOnlyForDeploymentPostprocessing = 0;
		};
		CECF22612B985BFC00F7A0C9 /* Resources */ = {
			isa = PBXResourcesBuildPhase;
			buildActionMask = 2147483647;
			files = (
				CECF226D2B985BFE00F7A0C9 /* Preview Assets.xcassets in Resources */,
				CE08AFC02B987F1A00931E7E /* Preview Content in Resources */,
				CE08AFBE2B987F1200931E7E /* Assets.xcassets in Resources */,
				CECF226A2B985BFE00F7A0C9 /* Assets.xcassets in Resources */,
			);
			runOnlyForDeploymentPostprocessing = 0;
		};
/* End PBXResourcesBuildPhase section */

/* Begin PBXSourcesBuildPhase section */
		CE0020742B947B0A00F3E3D3 /* Sources */ = {
			isa = PBXSourcesBuildPhase;
			buildActionMask = 2147483647;
			files = (
				CEB0E6462B98F43D00C3B991 /* SettingsView.swift in Sources */,
				CEB0E6422B98F37D00C3B991 /* LoginView.swift in Sources */,
				CEB0E6562B99027C00C3B991 /* AppleWatchConnect.swift in Sources */,
				CEB0E6442B98F40B00C3B991 /* MainView.swift in Sources */,
				CE00207C2B947B0A00F3E3D3 /* DoorOpenerApp.swift in Sources */,
				CEB0E6482B98F48A00C3B991 /* OpenView.swift in Sources */,
				CEB0E64E2B98F7B400C3B991 /* DoorOpenerClass.swift in Sources */,
				CE00208A2B947C7D00F3E3D3 /* SwiftUIView.swift in Sources */,
			);
			runOnlyForDeploymentPostprocessing = 0;
		};
		CECF225F2B985BFC00F7A0C9 /* Sources */ = {
			isa = PBXSourcesBuildPhase;
			buildActionMask = 2147483647;
			files = (
				CECF22682B985BFC00F7A0C9 /* ContentView.swift in Sources */,
				CEB0E6582B99113A00C3B991 /* iPhoneConnect.swift in Sources */,
				CECF22662B985BFC00F7A0C9 /* DoorOpenerWatchApp.swift in Sources */,
				CEB0E6602B992DD000C3B991 /* DoorOpenerWatchClass.swift in Sources */,
			);
			runOnlyForDeploymentPostprocessing = 0;
		};
/* End PBXSourcesBuildPhase section */

/* Begin PBXTargetDependency section */
		CE9B2D872B993B1900A7C745 /* PBXTargetDependency */ = {
			isa = PBXTargetDependency;
			target = CECF22622B985BFC00F7A0C9 /* DoorOpenerWatch Watch App */;
			targetProxy = CE9B2D862B993B1900A7C745 /* PBXContainerItemProxy */;
		};
/* End PBXTargetDependency section */

/* Begin XCBuildConfiguration section */
		CE0020842B947B0C00F3E3D3 /* Debug */ = {
			isa = XCBuildConfiguration;
			buildSettings = {
				ALWAYS_SEARCH_USER_PATHS = NO;
				ASSETCATALOG_COMPILER_GENERATE_SWIFT_ASSET_SYMBOL_EXTENSIONS = YES;
				CLANG_ANALYZER_NONNULL = YES;
				CLANG_ANALYZER_NUMBER_OBJECT_CONVERSION = YES_AGGRESSIVE;
				CLANG_CXX_LANGUAGE_STANDARD = "gnu++20";
				CLANG_ENABLE_MODULES = YES;
				CLANG_ENABLE_OBJC_ARC = YES;
				CLANG_ENABLE_OBJC_WEAK = YES;
				CLANG_WARN_BLOCK_CAPTURE_AUTORELEASING = YES;
				CLANG_WARN_BOOL_CONVERSION = YES;
				CLANG_WARN_COMMA = YES;
				CLANG_WARN_CONSTANT_CONVERSION = YES;
				CLANG_WARN_DEPRECATED_OBJC_IMPLEMENTATIONS = YES;
				CLANG_WARN_DIRECT_OBJC_ISA_USAGE = YES_ERROR;
				CLANG_WARN_DOCUMENTATION_COMMENTS = YES;
				CLANG_WARN_EMPTY_BODY = YES;
				CLANG_WARN_ENUM_CONVERSION = YES;
				CLANG_WARN_INFINITE_RECURSION = YES;
				CLANG_WARN_INT_CONVERSION = YES;
				CLANG_WARN_NON_LITERAL_NULL_CONVERSION = YES;
				CLANG_WARN_OBJC_IMPLICIT_RETAIN_SELF = YES;
				CLANG_WARN_OBJC_LITERAL_CONVERSION = YES;
				CLANG_WARN_OBJC_ROOT_CLASS = YES_ERROR;
				CLANG_WARN_QUOTED_INCLUDE_IN_FRAMEWORK_HEADER = YES;
				CLANG_WARN_RANGE_LOOP_ANALYSIS = YES;
				CLANG_WARN_STRICT_PROTOTYPES = YES;
				CLANG_WARN_SUSPICIOUS_MOVE = YES;
				CLANG_WARN_UNGUARDED_AVAILABILITY = YES_AGGRESSIVE;
				CLANG_WARN_UNREACHABLE_CODE = YES;
				CLANG_WARN__DUPLICATE_METHOD_MATCH = YES;
				COPY_PHASE_STRIP = NO;
				DEBUG_INFORMATION_FORMAT = dwarf;
				ENABLE_STRICT_OBJC_MSGSEND = YES;
				ENABLE_TESTABILITY = YES;
				ENABLE_USER_SCRIPT_SANDBOXING = YES;
				GCC_C_LANGUAGE_STANDARD = gnu17;
				GCC_DYNAMIC_NO_PIC = NO;
				GCC_NO_COMMON_BLOCKS = YES;
				GCC_OPTIMIZATION_LEVEL = 0;
				GCC_PREPROCESSOR_DEFINITIONS = (
					"DEBUG=1",
					"$(inherited)",
				);
				GCC_WARN_64_TO_32_BIT_CONVERSION = YES;
				GCC_WARN_ABOUT_RETURN_TYPE = YES_ERROR;
				GCC_WARN_UNDECLARED_SELECTOR = YES;
				GCC_WARN_UNINITIALIZED_AUTOS = YES_AGGRESSIVE;
				GCC_WARN_UNUSED_FUNCTION = YES;
				GCC_WARN_UNUSED_VARIABLE = YES;
				IPHONEOS_DEPLOYMENT_TARGET = 17.0;
				LOCALIZATION_PREFERS_STRING_CATALOGS = YES;
				MTL_ENABLE_DEBUG_INFO = INCLUDE_SOURCE;
				MTL_FAST_MATH = YES;
				ONLY_ACTIVE_ARCH = YES;
				SDKROOT = iphoneos;
				SWIFT_ACTIVE_COMPILATION_CONDITIONS = "DEBUG $(inherited)";
				SWIFT_OPTIMIZATION_LEVEL = "-Onone";
			};
			name = Debug;
		};
		CE0020852B947B0C00F3E3D3 /* Release */ = {
			isa = XCBuildConfiguration;
			buildSettings = {
				ALWAYS_SEARCH_USER_PATHS = NO;
				ASSETCATALOG_COMPILER_GENERATE_SWIFT_ASSET_SYMBOL_EXTENSIONS = YES;
				CLANG_ANALYZER_NONNULL = YES;
				CLANG_ANALYZER_NUMBER_OBJECT_CONVERSION = YES_AGGRESSIVE;
				CLANG_CXX_LANGUAGE_STANDARD = "gnu++20";
				CLANG_ENABLE_MODULES = YES;
				CLANG_ENABLE_OBJC_ARC = YES;
				CLANG_ENABLE_OBJC_WEAK = YES;
				CLANG_WARN_BLOCK_CAPTURE_AUTORELEASING = YES;
				CLANG_WARN_BOOL_CONVERSION = YES;
				CLANG_WARN_COMMA = YES;
				CLANG_WARN_CONSTANT_CONVERSION = YES;
				CLANG_WARN_DEPRECATED_OBJC_IMPLEMENTATIONS = YES;
				CLANG_WARN_DIRECT_OBJC_ISA_USAGE = YES_ERROR;
				CLANG_WARN_DOCUMENTATION_COMMENTS = YES;
				CLANG_WARN_EMPTY_BODY = YES;
				CLANG_WARN_ENUM_CONVERSION = YES;
				CLANG_WARN_INFINITE_RECURSION = YES;
				CLANG_WARN_INT_CONVERSION = YES;
				CLANG_WARN_NON_LITERAL_NULL_CONVERSION = YES;
				CLANG_WARN_OBJC_IMPLICIT_RETAIN_SELF = YES;
				CLANG_WARN_OBJC_LITERAL_CONVERSION = YES;
				CLANG_WARN_OBJC_ROOT_CLASS = YES_ERROR;
				CLANG_WARN_QUOTED_INCLUDE_IN_FRAMEWORK_HEADER = YES;
				CLANG_WARN_RANGE_LOOP_ANALYSIS = YES;
				CLANG_WARN_STRICT_PROTOTYPES = YES;
				CLANG_WARN_SUSPICIOUS_MOVE = YES;
				CLANG_WARN_UNGUARDED_AVAILABILITY = YES_AGGRESSIVE;
				CLANG_WARN_UNREACHABLE_CODE = YES;
				CLANG_WARN__DUPLICATE_METHOD_MATCH = YES;
				COPY_PHASE_STRIP = NO;
				DEBUG_INFORMATION_FORMAT = "dwarf-with-dsym";
				ENABLE_NS_ASSERTIONS = NO;
				ENABLE_STRICT_OBJC_MSGSEND = YES;
				ENABLE_USER_SCRIPT_SANDBOXING = YES;
				GCC_C_LANGUAGE_STANDARD = gnu17;
				GCC_NO_COMMON_BLOCKS = YES;
				GCC_WARN_64_TO_32_BIT_CONVERSION = YES;
				GCC_WARN_ABOUT_RETURN_TYPE = YES_ERROR;
				GCC_WARN_UNDECLARED_SELECTOR = YES;
				GCC_WARN_UNINITIALIZED_AUTOS = YES_AGGRESSIVE;
				GCC_WARN_UNUSED_FUNCTION = YES;
				GCC_WARN_UNUSED_VARIABLE = YES;
				IPHONEOS_DEPLOYMENT_TARGET = 17.0;
				LOCALIZATION_PREFERS_STRING_CATALOGS = YES;
				MTL_ENABLE_DEBUG_INFO = NO;
				MTL_FAST_MATH = YES;
				SDKROOT = iphoneos;
				SWIFT_COMPILATION_MODE = wholemodule;
				VALIDATE_PRODUCT = YES;
			};
			name = Release;
		};
		CE0020872B947B0C00F3E3D3 /* Debug */ = {
			isa = XCBuildConfiguration;
			buildSettings = {
				ALWAYS_EMBED_SWIFT_STANDARD_LIBRARIES = YES;
				ASSETCATALOG_COMPILER_APPICON_NAME = AppIcon;
				ASSETCATALOG_COMPILER_GLOBAL_ACCENT_COLOR_NAME = AccentColor;
				CODE_SIGN_ENTITLEMENTS = DoorOpener.entitlements;
				CODE_SIGN_STYLE = Automatic;
				CURRENT_PROJECT_VERSION = 1;
				DEVELOPMENT_ASSET_PATHS = "\"DoorOpener_iOS/Preview Content\"";
				DEVELOPMENT_TEAM = 62494T7ZTJ;
				ENABLE_PREVIEWS = YES;
				EXCLUDED_ARCHS = "";
				GENERATE_INFOPLIST_FILE = YES;
				INFOPLIST_FILE = DoorOpener_iOS/info.plist;
				INFOPLIST_KEY_CFBundleDisplayName = DoorOpener;
				INFOPLIST_KEY_LSApplicationCategoryType = "public.app-category.utilities";
				INFOPLIST_KEY_UIApplicationSceneManifest_Generation = YES;
				INFOPLIST_KEY_UIApplicationSupportsIndirectInputEvents = YES;
				INFOPLIST_KEY_UILaunchScreen_Generation = YES;
				INFOPLIST_KEY_UILaunchStoryboardName = "Launch Screen.storyboard";
				INFOPLIST_KEY_UIRequiresFullScreen = NO;
				INFOPLIST_KEY_UISupportedInterfaceOrientations = UIInterfaceOrientationPortrait;
				INFOPLIST_KEY_UISupportedInterfaceOrientations_iPad = "UIInterfaceOrientationPortrait UIInterfaceOrientationPortraitUpsideDown";
				INFOPLIST_PREPROCESS = YES;
				IPHONEOS_DEPLOYMENT_TARGET = 17.0;
				LD_RUNPATH_SEARCH_PATHS = (
					"$(inherited)",
					"@executable_path/Frameworks",
				);
				MARKETING_VERSION = 1.1;
				PRODUCT_BUNDLE_IDENTIFIER = io.jihun.DoorOpener;
				PRODUCT_NAME = "$(TARGET_NAME)";
				SUPPORTED_PLATFORMS = "iphoneos iphonesimulator";
				SUPPORTS_MACCATALYST = NO;
				SWIFT_EMIT_LOC_STRINGS = YES;
				SWIFT_VERSION = 5.0;
				TARGETED_DEVICE_FAMILY = 1;
			};
			name = Debug;
		};
		CE0020882B947B0C00F3E3D3 /* Release */ = {
			isa = XCBuildConfiguration;
			buildSettings = {
				ALWAYS_EMBED_SWIFT_STANDARD_LIBRARIES = YES;
				ASSETCATALOG_COMPILER_APPICON_NAME = AppIcon;
				ASSETCATALOG_COMPILER_GLOBAL_ACCENT_COLOR_NAME = AccentColor;
				CODE_SIGN_ENTITLEMENTS = DoorOpener.entitlements;
				CODE_SIGN_STYLE = Automatic;
				CURRENT_PROJECT_VERSION = 1;
				DEVELOPMENT_ASSET_PATHS = "\"DoorOpener_iOS/Preview Content\"";
				DEVELOPMENT_TEAM = 62494T7ZTJ;
				ENABLE_PREVIEWS = YES;
				EXCLUDED_ARCHS = "";
				GENERATE_INFOPLIST_FILE = YES;
				INFOPLIST_FILE = DoorOpener_iOS/info.plist;
				INFOPLIST_KEY_CFBundleDisplayName = DoorOpener;
				INFOPLIST_KEY_LSApplicationCategoryType = "public.app-category.utilities";
				INFOPLIST_KEY_UIApplicationSceneManifest_Generation = YES;
				INFOPLIST_KEY_UIApplicationSupportsIndirectInputEvents = YES;
				INFOPLIST_KEY_UILaunchScreen_Generation = YES;
				INFOPLIST_KEY_UILaunchStoryboardName = "Launch Screen.storyboard";
				INFOPLIST_KEY_UIRequiresFullScreen = NO;
				INFOPLIST_KEY_UISupportedInterfaceOrientations = UIInterfaceOrientationPortrait;
				INFOPLIST_KEY_UISupportedInterfaceOrientations_iPad = "UIInterfaceOrientationPortrait UIInterfaceOrientationPortraitUpsideDown";
				INFOPLIST_PREPROCESS = YES;
				IPHONEOS_DEPLOYMENT_TARGET = 17.0;
				LD_RUNPATH_SEARCH_PATHS = (
					"$(inherited)",
					"@executable_path/Frameworks",
				);
				MARKETING_VERSION = 1.1;
				PRODUCT_BUNDLE_IDENTIFIER = io.jihun.DoorOpener;
				PRODUCT_NAME = "$(TARGET_NAME)";
				SUPPORTED_PLATFORMS = "iphoneos iphonesimulator";
				SUPPORTS_MACCATALYST = NO;
				SWIFT_EMIT_LOC_STRINGS = YES;
				SWIFT_VERSION = 5.0;
				TARGETED_DEVICE_FAMILY = 1;
			};
			name = Release;
		};
		CECF22722B985BFE00F7A0C9 /* Debug */ = {
			isa = XCBuildConfiguration;
			buildSettings = {
				ASSETCATALOG_COMPILER_APPICON_NAME = AppIcon;
				ASSETCATALOG_COMPILER_GLOBAL_ACCENT_COLOR_NAME = AccentColor;
				ASSETCATALOG_COMPILER_INCLUDE_ALL_APPICON_ASSETS = NO;
				CODE_SIGN_STYLE = Automatic;
				CURRENT_PROJECT_VERSION = 5;
				DEVELOPMENT_ASSET_PATHS = "\"DoorOpenerWatch Watch App/Preview Content\"";
				DEVELOPMENT_TEAM = 62494T7ZTJ;
				ENABLE_PREVIEWS = YES;
				GENERATE_INFOPLIST_FILE = YES;
				INFOPLIST_KEY_UISupportedInterfaceOrientations = "UIInterfaceOrientationPortrait UIInterfaceOrientationPortraitUpsideDown";
				INFOPLIST_KEY_WKCompanionAppBundleIdentifier = io.jihun.DoorOpener;
				INFOPLIST_KEY_WKRunsIndependentlyOfCompanionApp = NO;
				LD_RUNPATH_SEARCH_PATHS = (
					"$(inherited)",
					"@executable_path/Frameworks",
				);
				MARKETING_VERSION = 1.0;
				PRODUCT_BUNDLE_IDENTIFIER = io.jihun.DoorOpener.watchkitapp;
				PRODUCT_NAME = DoorOpener;
				SDKROOT = watchos;
				SKIP_INSTALL = YES;
				SWIFT_EMIT_LOC_STRINGS = YES;
				SWIFT_VERSION = 5.0;
				TARGETED_DEVICE_FAMILY = 4;
				WATCHOS_DEPLOYMENT_TARGET = 10.2;
			};
			name = Debug;
		};
		CECF22732B985BFE00F7A0C9 /* Release */ = {
			isa = XCBuildConfiguration;
			buildSettings = {
				ASSETCATALOG_COMPILER_APPICON_NAME = AppIcon;
				ASSETCATALOG_COMPILER_GLOBAL_ACCENT_COLOR_NAME = AccentColor;
				ASSETCATALOG_COMPILER_INCLUDE_ALL_APPICON_ASSETS = NO;
				CODE_SIGN_STYLE = Automatic;
				CURRENT_PROJECT_VERSION = 5;
				DEVELOPMENT_ASSET_PATHS = "\"DoorOpenerWatch Watch App/Preview Content\"";
				DEVELOPMENT_TEAM = 62494T7ZTJ;
				ENABLE_PREVIEWS = YES;
				GENERATE_INFOPLIST_FILE = YES;
				INFOPLIST_KEY_UISupportedInterfaceOrientations = "UIInterfaceOrientationPortrait UIInterfaceOrientationPortraitUpsideDown";
				INFOPLIST_KEY_WKCompanionAppBundleIdentifier = io.jihun.DoorOpener;
				INFOPLIST_KEY_WKRunsIndependentlyOfCompanionApp = NO;
				LD_RUNPATH_SEARCH_PATHS = (
					"$(inherited)",
					"@executable_path/Frameworks",
				);
				MARKETING_VERSION = 1.0;
				PRODUCT_BUNDLE_IDENTIFIER = io.jihun.DoorOpener.watchkitapp;
				PRODUCT_NAME = DoorOpener;
				SDKROOT = watchos;
				SKIP_INSTALL = YES;
				SWIFT_EMIT_LOC_STRINGS = YES;
				SWIFT_VERSION = 5.0;
				TARGETED_DEVICE_FAMILY = 4;
				WATCHOS_DEPLOYMENT_TARGET = 10.2;
			};
			name = Release;
		};
/* End XCBuildConfiguration section */

/* Begin XCConfigurationList section */
		CE0020732B947B0A00F3E3D3 /* Build configuration list for PBXProject "DoorOpener_iOS" */ = {
			isa = XCConfigurationList;
			buildConfigurations = (
				CE0020842B947B0C00F3E3D3 /* Debug */,
				CE0020852B947B0C00F3E3D3 /* Release */,
			);
			defaultConfigurationIsVisible = 0;
			defaultConfigurationName = Release;
		};
		CE0020862B947B0C00F3E3D3 /* Build configuration list for PBXNativeTarget "DoorOpener" */ = {
			isa = XCConfigurationList;
			buildConfigurations = (
				CE0020872B947B0C00F3E3D3 /* Debug */,
				CE0020882B947B0C00F3E3D3 /* Release */,
			);
			defaultConfigurationIsVisible = 0;
			defaultConfigurationName = Release;
		};
		CECF22712B985BFE00F7A0C9 /* Build configuration list for PBXNativeTarget "DoorOpenerWatch Watch App" */ = {
			isa = XCConfigurationList;
			buildConfigurations = (
				CECF22722B985BFE00F7A0C9 /* Debug */,
				CECF22732B985BFE00F7A0C9 /* Release */,
			);
			defaultConfigurationIsVisible = 0;
			defaultConfigurationName = Release;
		};
/* End XCConfigurationList section */

/* Begin XCRemoteSwiftPackageReference section */
		CEAE00DA2B9B1A0600441F52 /* XCRemoteSwiftPackageReference "SwiftUI-Introspect" */ = {
			isa = XCRemoteSwiftPackageReference;
			repositoryURL = "https://github.com/siteline/SwiftUI-Introspect.git";
			requirement = {
				kind = upToNextMajorVersion;
				minimumVersion = 1.1.3;
			};
		};
		CEB0E64F2B99023C00C3B991 /* XCRemoteSwiftPackageReference "SwiftSoup" */ = {
			isa = XCRemoteSwiftPackageReference;
			repositoryURL = "https://github.com/scinfu/SwiftSoup.git";
			requirement = {
				kind = upToNextMajorVersion;
				minimumVersion = 2.7.1;
			};
		};
/* End XCRemoteSwiftPackageReference section */

/* Begin XCSwiftPackageProductDependency section */
		CEB0E6502B99023C00C3B991 /* SwiftSoup */ = {
			isa = XCSwiftPackageProductDependency;
			package = CEB0E64F2B99023C00C3B991 /* XCRemoteSwiftPackageReference "SwiftSoup" */;
			productName = SwiftSoup;
		};
		CEB0E6532B99024800C3B991 /* SwiftSoup */ = {
			isa = XCSwiftPackageProductDependency;
			package = CEB0E64F2B99023C00C3B991 /* XCRemoteSwiftPackageReference "SwiftSoup" */;
			productName = SwiftSoup;
		};
/* End XCSwiftPackageProductDependency section */
	};
	rootObject = CE0020702B947B0A00F3E3D3 /* Project object */;
}
